
Microsoft Visual Studio Solution File, Format Version 12.00
# Visual Studio Version 17
VisualStudioVersion = 17.8.34408.163
MinimumVisualStudioVersion = 10.0.40219.1
Project("{9A19103F-16F7-4668-BE54-9A1E7A4F7556}") = "HalloDocWeb", "HalloDocWeb\HalloDocWeb.csproj", "{E62FA40F-FD47-4655-BE00-9E1100AA27D3}"
	ProjectSection(ProjectDependencies) = postProject
		{080C2E4F-8F6F-4E5E-BF91-EE83C8A5347E} = {080C2E4F-8F6F-4E5E-BF91-EE83C8A5347E}
		{15BB28B5-E44B-4956-B38F-4CBC2BBE46E1} = {15BB28B5-E44B-4956-B38F-4CBC2BBE46E1}
	EndProjectSection
EndProject
Project("{9A19103F-16F7-4668-BE54-9A1E7A4F7556}") = "BusinessLogic", "..\BusinessLogic\BusinessLogic.csproj", "{080C2E4F-8F6F-4E5E-BF91-EE83C8A5347E}"
	ProjectSection(ProjectDependencies) = postProject
		{15BB28B5-E44B-4956-B38F-4CBC2BBE46E1} = {15BB28B5-E44B-4956-B38F-4CBC2BBE46E1}
	EndProjectSection
EndProject
Project("{9A19103F-16F7-4668-BE54-9A1E7A4F7556}") = "DataAccess", "..\DataAccess\DataAccess.csproj", "{15BB28B5-E44B-4956-B38F-4CBC2BBE46E1}"
EndProject
Global
	GlobalSection(SolutionConfigurationPlatforms) = preSolution
		Debug|Any CPU = Debug|Any CPU
		Release|Any CPU = Release|Any CPU
	EndGlobalSection
	GlobalSection(ProjectConfigurationPlatforms) = postSolution
		{E62FA40F-FD47-4655-BE00-9E1100AA27D3}.Debug|Any CPU.ActiveCfg = Debug|Any CPU
		{E62FA40F-FD47-4655-BE00-9E1100AA27D3}.Debug|Any CPU.Build.0 = Debug|Any CPU
		{E62FA40F-FD47-4655-BE00-9E1100AA27D3}.Release|Any CPU.ActiveCfg = Release|Any CPU
		{E62FA40F-FD47-4655-BE00-9E1100AA27D3}.Release|Any CPU.Build.0 = Release|Any CPU
		{080C2E4F-8F6F-4E5E-BF91-EE83C8A5347E}.Debug|Any CPU.ActiveCfg = Debug|Any CPU
		{080C2E4F-8F6F-4E5E-BF91-EE83C8A5347E}.Debug|Any CPU.Build.0 = Debug|Any CPU
		{080C2E4F-8F6F-4E5E-BF91-EE83C8A5347E}.Release|Any CPU.ActiveCfg = Release|Any CPU
		{080C2E4F-8F6F-4E5E-BF91-EE83C8A5347E}.Release|Any CPU.Build.0 = Release|Any CPU
		{15BB28B5-E44B-4956-B38F-4CBC2BBE46E1}.Debug|Any CPU.ActiveCfg = Debug|Any CPU
		{15BB28B5-E44B-4956-B38F-4CBC2BBE46E1}.Debug|Any CPU.Build.0 = Debug|Any CPU
		{15BB28B5-E44B-4956-B38F-4CBC2BBE46E1}.Release|Any CPU.ActiveCfg = Release|Any CPU
		{15BB28B5-E44B-4956-B38F-4CBC2BBE46E1}.Release|Any CPU.Build.0 = Release|Any CPU
	EndGlobalSection
	GlobalSection(SolutionProperties) = preSolution
		HideSolutionNode = FALSE
	EndGlobalSection
	GlobalSection(ExtensibilityGlobals) = postSolution
		SolutionGuid = {366BC561-261A-4512-BBB4-EB4CEFB74529}
	EndGlobalSection
EndGlobal
